
Microsoft Visual Studio Solution File, Format Version 12.00
# Visual Studio Version 17
VisualStudioVersion = 17.10.35027.167
MinimumVisualStudioVersion = 10.0.40219.1
Project("{9A19103F-16F7-4668-BE54-9A1E7A4F7556}") = "ClaseQ32024", "ClaseQ32024\ClaseQ32024.csproj", "{02DBE4DA-1D82-4A71-A6B8-C12D8856623E}"
EndProject
Global
	GlobalSection(SolutionConfigurationPlatforms) = preSolution
		Debug|Any CPU = Debug|Any CPU
		Release|Any CPU = Release|Any CPU
	EndGlobalSection
	GlobalSection(ProjectConfigurationPlatforms) = postSolution
		{02DBE4DA-1D82-4A71-A6B8-C12D8856623E}.Debug|Any CPU.ActiveCfg = Debug|Any CPU
		{02DBE4DA-1D82-4A71-A6B8-C12D8856623E}.Debug|Any CPU.Build.0 = Debug|Any CPU
		{02DBE4DA-1D82-4A71-A6B8-C12D8856623E}.Release|Any CPU.ActiveCfg = Release|Any CPU
		{02DBE4DA-1D82-4A71-A6B8-C12D8856623E}.Release|Any CPU.Build.0 = Release|Any CPU
	EndGlobalSection
	GlobalSection(SolutionProperties) = preSolution
		HideSolutionNode = FALSE
	EndGlobalSection
	GlobalSection(ExtensibilityGlobals) = postSolution
		SolutionGuid = {EF8FB834-5C1F-49DB-887C-3A97E01027BB}
	EndGlobalSection
EndGlobal
